repo = "tox"
name = "rust"
version = "9999"
description = "The Rust programming language"
timestamp = "2025-02-20 20:24:36"
upstream = "https://github.com/rust-lang/rust.git"
version_command = "git ls-remote --tags --refs 'https://github.com/rust-lang/rust.git' | sed 's@.*/@@' | grep -v 'release-' | sort -V | tail -n1"
