repo = "tox"
name = "sudo"
version = "1.9.16p2"
upstream = "https://github.com/sudo-project/sudo.git"
version_command = "git ls-remote --tags --refs 'https://github.com/sudo-project/sudo.git' | sed 's@.*/@@' | grep SUDO_ | sed -e 's@SUDO_@@' -e 's@_@.@g' | sort -V | tail -n1"

[source]
url = "https://www.sudo.ws/dist/sudo-1.9.16p2.tar.gz"
hash = "l2qlbT47KnVZMweGQoit23SMnBNuJdlanMaZqvp3I5w"
